<?xml version="1.0" encoding="utf-8"?>
<Project ToolsVersion="4.0" xmlns="http://schemas.microsoft.com/developer/msbuild/2003">
  <ItemGroup>
    <Filter Include="Source Files">
      <UniqueIdentifier>{4FC737F1-C7A5-4376-A066-2A32D752A2FF}</UniqueIdentifier>
      <Extensions>cpp;c;cc;cxx;def;odl;idl;hpj;bat;asm;asmx</Extensions>
    </Filter>
    <Filter Include="Header Files">
      <UniqueIdentifier>{93995380-89BD-4b04-88EB-625FBE52EBFB}</UniqueIdentifier>
      <Extensions>h;hh;hpp;hxx;hm;inl;inc;xsd</Extensions>
    </Filter>
    <Filter Include="Resource Files">
      <UniqueIdentifier>{67DA6AB6-F800-4c08-8B7A-83BB121AAD01}</UniqueIdentifier>
      <Extensions>rc;ico;cur;bmp;dlg;rc2;rct;bin;rgs;gif;jpg;jpeg;jpe;resx;tiff;tif;png;wav;mfcribbon-ms</Extensions>
    </Filter>
    <Filter Include="Header Files\Tools">
      <UniqueIdentifier>{1b2b650c-9600-4cb4-9627-e08c1278b483}</UniqueIdentifier>
    </Filter>
    <Filter Include="Source Files\Tools">
      <UniqueIdentifier>{8703a7a9-b7c5-4120-b9fe-bbd8ff750150}</UniqueIdentifier>
    </Filter>
    <Filter Include="Docs">
      <UniqueIdentifier>{800a0d00-0ec9-4497-8d55-3860b14f9f0a}</UniqueIdentifier>
    </Filter>
    <Filter Include="Header Files\Git">
      <UniqueIdentifier>{f705555d-1b14-4e1e-bb18-4fe7bcaf9d14}</UniqueIdentifier>
    </Filter>
    <Filter Include="Source Files\Git">
      <UniqueIdentifier>{0326c8f6-954b-4242-baee-4569493fd97a}</UniqueIdentifier>
    </Filter>
  </ItemGroup>
  <ItemGroup>
    <Text Include="Building_libgit2_pp.txt">
      <Filter>Docs</Filter>
    </Text>
    <Text Include="Conventions.txt">
      <Filter>Docs</Filter>
    </Text>
    <Text Include="KB.txt">
      <Filter>Docs</Filter>
    </Text>
    <Text Include="ReadMe.txt">
      <Filter>Docs</Filter>
    </Text>
    <Text Include="ToDo.txt">
      <Filter>Docs</Filter>
    </Text>
    <Text Include="Wrapped_Functionality.txt">
      <Filter>Docs</Filter>
    </Text>
  </ItemGroup>
  <ItemGroup>
    <ClInclude Include="stdafx.h">
      <Filter>Header Files</Filter>
    </ClInclude>
    <ClInclude Include="targetver.h">
      <Filter>Header Files</Filter>
    </ClInclude>
    <ClInclude Include="Forward_Declarations.hpp">
      <Filter>Header Files\Tools</Filter>
    </ClInclude>
    <ClInclude Include="Check_Result.hpp">
      <Filter>Header Files\Tools</Filter>
    </ClInclude>
    <ClInclude Include="Common_defines.hpp">
      <Filter>Header Files\Tools</Filter>
    </ClInclude>
    <ClInclude Include="Common_typedefs.hpp">
      <Filter>Header Files\Tools</Filter>
    </ClInclude>
    <ClInclude Include="Copied_From_libgit2.hpp">
      <Filter>Header Files\Tools</Filter>
    </ClInclude>
    <ClInclude Include="ENUMS.hpp">
      <Filter>Header Files\Tools</Filter>
    </ClInclude>
    <ClInclude Include="Error_Handling.hpp">
      <Filter>Header Files\Tools</Filter>
    </ClInclude>
    <ClInclude Include="Scoped_Deleter_Buf.hpp">
      <Filter>Header Files\Tools</Filter>
    </ClInclude>
    <ClInclude Include="Factory_Git_Object.hpp">
      <Filter>Header Files\Tools</Filter>
    </ClInclude>
    <ClInclude Include="LIBGIT_PP_MACROS.hpp">
      <Filter>Header Files\Tools</Filter>
    </ClInclude>
    <ClInclude Include="Libgit2_includes.hpp">
      <Filter>Header Files\Tools</Filter>
    </ClInclude>
    <ClInclude Include="Parent_Provider.hpp">
      <Filter>Header Files\Tools</Filter>
    </ClInclude>
    <ClInclude Include="Provider.hpp">
      <Filter>Header Files\Tools</Filter>
    </ClInclude>
    <ClInclude Include="Provider_iface_.hpp">
      <Filter>Header Files\Tools</Filter>
    </ClInclude>
    <ClInclude Include="Remove_Const_From_Ptr.hpp">
      <Filter>Header Files\Tools</Filter>
    </ClInclude>
    <ClInclude Include="Singleton.hpp">
      <Filter>Header Files\Tools</Filter>
    </ClInclude>
    <ClInclude Include="STD_Variants.hpp">
      <Filter>Header Files\Tools</Filter>
    </ClInclude>
    <ClInclude Include="Guts_Provider.hpp">
      <Filter>Header Files\Tools</Filter>
    </ClInclude>
    <ClInclude Include="Git_Blame.hpp">
      <Filter>Header Files\Git</Filter>
    </ClInclude>
    <ClInclude Include="Git_Blob.hpp">
      <Filter>Header Files\Git</Filter>
    </ClInclude>
    <ClInclude Include="Git_Branch.hpp">
      <Filter>Header Files\Git</Filter>
    </ClInclude>
    <ClInclude Include="Git_Buf.hpp">
      <Filter>Header Files\Git</Filter>
    </ClInclude>
    <ClInclude Include="Git_Checkout.hpp">
      <Filter>Header Files\Git</Filter>
    </ClInclude>
    <ClInclude Include="Git_Checkout_Options.hpp">
      <Filter>Header Files\Git</Filter>
    </ClInclude>
    <ClInclude Include="Git_CherryPick_Options.hpp">
      <Filter>Header Files\Git</Filter>
    </ClInclude>
    <ClInclude Include="Git_Clone_Options.hpp">
      <Filter>Header Files\Git</Filter>
    </ClInclude>
    <ClInclude Include="Git_Commit.hpp">
      <Filter>Header Files\Git</Filter>
    </ClInclude>
    <ClInclude Include="Git_Commit_Author.hpp">
      <Filter>Header Files\Git</Filter>
    </ClInclude>
    <ClInclude Include="Git_Commit_ID.hpp">
      <Filter>Header Files\Git</Filter>
    </ClInclude>
    <ClInclude Include="Git_Config.hpp">
      <Filter>Header Files\Git</Filter>
    </ClInclude>
    <ClInclude Include="Git_Config_Backend.hpp">
      <Filter>Header Files\Git</Filter>
    </ClInclude>
    <ClInclude Include="Git_Config_Entry.hpp">
      <Filter>Header Files\Git</Filter>
    </ClInclude>
    <ClInclude Include="Git_Config_Level.hpp">
      <Filter>Header Files\Git</Filter>
    </ClInclude>
    <ClInclude Include="Git_Credentials.hpp">
      <Filter>Header Files\Git</Filter>
    </ClInclude>
    <ClInclude Include="Git_CVar_Map.hpp">
      <Filter>Header Files\Git</Filter>
    </ClInclude>
    <ClInclude Include="Git_Describe_Format_Options.hpp">
      <Filter>Header Files\Git</Filter>
    </ClInclude>
    <ClInclude Include="Git_Describe_Options.hpp">
      <Filter>Header Files\Git</Filter>
    </ClInclude>
    <ClInclude Include="Git_Describe_Result.hpp">
      <Filter>Header Files\Git</Filter>
    </ClInclude>
    <ClInclude Include="Git_Diff.hpp">
      <Filter>Header Files\Git</Filter>
    </ClInclude>
    <ClInclude Include="Git_Index.hpp">
      <Filter>Header Files\Git</Filter>
    </ClInclude>
    <ClInclude Include="Git_Merge_Options.hpp">
      <Filter>Header Files\Git</Filter>
    </ClInclude>
    <ClInclude Include="Git_Message.hpp">
      <Filter>Header Files\Git</Filter>
    </ClInclude>
    <ClInclude Include="Git_Object.hpp">
      <Filter>Header Files\Git</Filter>
    </ClInclude>
    <ClInclude Include="Git_Object_ID.hpp">
      <Filter>Header Files\Git</Filter>
    </ClInclude>
    <ClInclude Include="Git_Object_iface.hpp">
      <Filter>Header Files\Git</Filter>
    </ClInclude>
    <ClInclude Include="Git_ODB.hpp">
      <Filter>Header Files\Git</Filter>
    </ClInclude>
    <ClInclude Include="Git_RefDB.hpp">
      <Filter>Header Files\Git</Filter>
    </ClInclude>
    <ClInclude Include="Git_Repo.hpp">
      <Filter>Header Files\Git</Filter>
    </ClInclude>
    <ClInclude Include="Git_Root.hpp">
      <Filter>Header Files\Git</Filter>
    </ClInclude>
    <ClInclude Include="Git_Signature.hpp">
      <Filter>Header Files\Git</Filter>
    </ClInclude>
    <ClInclude Include="Git_Time.hpp">
      <Filter>Header Files\Git</Filter>
    </ClInclude>
    <ClInclude Include="Git_Transaction.hpp">
      <Filter>Header Files\Git</Filter>
    </ClInclude>
    <ClInclude Include="Git_Tree.hpp">
      <Filter>Header Files\Git</Filter>
    </ClInclude>
    <ClInclude Include="Git_Diff_Options.hpp">
      <Filter>Header Files\Git</Filter>
    </ClInclude>
    <ClInclude Include="Git_Diff_Find_Options.hpp">
      <Filter>Header Files\Git</Filter>
    </ClInclude>
    <ClInclude Include="Git_Diff_Similarity_Metric.hpp">
      <Filter>Header Files\Git</Filter>
    </ClInclude>
    <ClInclude Include="Git_Diff_Stats.hpp">
      <Filter>Header Files\Git</Filter>
    </ClInclude>
    <ClInclude Include="Diff_File_Stats.hpp">
      <Filter>Header Files\Git</Filter>
    </ClInclude>
    <ClInclude Include="Git_Diff_Delta.hpp">
      <Filter>Header Files\Git</Filter>
    </ClInclude>
    <ClInclude Include="Git_Diff_File.hpp">
      <Filter>Header Files\Git</Filter>
    </ClInclude>
    <ClInclude Include="Git_Diff_Perfdata.hpp">
      <Filter>Header Files\Git</Filter>
    </ClInclude>
    <ClInclude Include="Git_Delta.hpp">
      <Filter>Header Files\Tools</Filter>
    </ClInclude>
    <ClInclude Include="Git_Fetch_Options.hpp">
      <Filter>Header Files\Tools</Filter>
    </ClInclude>
    <ClInclude Include="Git_Strarray.hpp">
      <Filter>Header Files\Tools</Filter>
    </ClInclude>
    <ClInclude Include="Git_Filter.hpp">
      <Filter>Header Files\Git</Filter>
    </ClInclude>
    <ClInclude Include="Git_Filter_List.hpp">
      <Filter>Header Files\Git</Filter>
    </ClInclude>
    <ClInclude Include="Git_Filter_Source.hpp">
      <Filter>Header Files\Git</Filter>
    </ClInclude>
    <ClInclude Include="Git_Index_Entry.hpp">
      <Filter>Header Files\Git</Filter>
    </ClInclude>
    <ClInclude Include="Git_Annotated_Commit.hpp">
      <Filter>Header Files\Git</Filter>
    </ClInclude>
    <ClInclude Include="Git_Merge_File_Input.hpp">
      <Filter>Header Files\Git</Filter>
    </ClInclude>
    <ClInclude Include="Git_Merge_File_Options.hpp">
      <Filter>Header Files\Git</Filter>
    </ClInclude>
    <ClInclude Include="Git_Merge_File_Result.hpp">
      <Filter>Header Files\Git</Filter>
    </ClInclude>
    <ClInclude Include="Git_Reference.hpp">
      <Filter>Header Files\Git</Filter>
    </ClInclude>
    <ClInclude Include="Git_Tree_Entry.hpp">
      <Filter>Header Files\Git</Filter>
    </ClInclude>
    <ClInclude Include="Git_Tree_Update.hpp">
      <Filter>Header Files\Git</Filter>
    </ClInclude>
    <ClInclude Include="MergingEngine.hpp">
      <Filter>Header Files\Tools</Filter>
    </ClInclude>
    <ClInclude Include="Git_TreeBuilder.hpp">
      <Filter>Header Files</Filter>
    </ClInclude>
  </ItemGroup>
  <ItemGroup>
    <ClCompile Include="stdafx.cpp">
      <Filter>Source Files</Filter>
    </ClCompile>
    <ClCompile Include="Parent_Provider.cpp">
      <Filter>Source Files\Tools</Filter>
    </ClCompile>
    <ClCompile Include="Git_Blame.cpp">
      <Filter>Source Files\Git</Filter>
    </ClCompile>
    <ClCompile Include="Git_Blob.cpp">
      <Filter>Source Files\Git</Filter>
    </ClCompile>
    <ClCompile Include="Git_Branch.cpp">
      <Filter>Source Files\Git</Filter>
    </ClCompile>
    <ClCompile Include="Git_Buf.cpp">
      <Filter>Source Files\Git</Filter>
    </ClCompile>
    <ClCompile Include="Git_Checkout.cpp">
      <Filter>Source Files\Git</Filter>
    </ClCompile>
    <ClCompile Include="Git_Checkout_Options.cpp">
      <Filter>Source Files\Git</Filter>
    </ClCompile>
    <ClCompile Include="Git_CherryPick_Options.cpp">
      <Filter>Source Files\Git</Filter>
    </ClCompile>
    <ClCompile Include="Git_Clone_Options.cpp">
      <Filter>Source Files\Git</Filter>
    </ClCompile>
    <ClCompile Include="Git_Commit.cpp">
      <Filter>Source Files\Git</Filter>
    </ClCompile>
    <ClCompile Include="Git_Commit_Author.cpp">
      <Filter>Source Files\Git</Filter>
    </ClCompile>
    <ClCompile Include="Git_Commit_ID.cpp">
      <Filter>Source Files\Git</Filter>
    </ClCompile>
    <ClCompile Include="Git_Config.cpp">
      <Filter>Source Files\Git</Filter>
    </ClCompile>
    <ClCompile Include="Git_Config_Backend.cpp">
      <Filter>Source Files\Git</Filter>
    </ClCompile>
    <ClCompile Include="Git_Config_Entry.cpp">
      <Filter>Source Files\Git</Filter>
    </ClCompile>
    <ClCompile Include="Git_Config_Level.cpp">
      <Filter>Source Files\Git</Filter>
    </ClCompile>
    <ClCompile Include="Git_Credentials.cpp">
      <Filter>Source Files\Git</Filter>
    </ClCompile>
    <ClCompile Include="Git_CVar_Map.cpp">
      <Filter>Source Files\Git</Filter>
    </ClCompile>
    <ClCompile Include="Git_Describe_Format_Options.cpp">
      <Filter>Source Files\Git</Filter>
    </ClCompile>
    <ClCompile Include="Git_Describe_Options.cpp">
      <Filter>Source Files\Git</Filter>
    </ClCompile>
    <ClCompile Include="Git_Describe_Result.cpp">
      <Filter>Source Files\Git</Filter>
    </ClCompile>
    <ClCompile Include="Git_Diff.cpp">
      <Filter>Source Files\Git</Filter>
    </ClCompile>
    <ClCompile Include="Git_Index.cpp">
      <Filter>Source Files\Git</Filter>
    </ClCompile>
    <ClCompile Include="Git_Merge_Options.cpp">
      <Filter>Source Files\Git</Filter>
    </ClCompile>
    <ClCompile Include="Git_Message.cpp">
      <Filter>Source Files\Git</Filter>
    </ClCompile>
    <ClCompile Include="Git_Object_ID.cpp">
      <Filter>Source Files\Git</Filter>
    </ClCompile>
    <ClCompile Include="Git_ODB.cpp">
      <Filter>Source Files\Git</Filter>
    </ClCompile>
    <ClCompile Include="Git_RefDB.cpp">
      <Filter>Source Files\Git</Filter>
    </ClCompile>
    <ClCompile Include="Git_Repo.cpp">
      <Filter>Source Files\Git</Filter>
    </ClCompile>
    <ClCompile Include="Git_Root.cpp">
      <Filter>Source Files\Git</Filter>
    </ClCompile>
    <ClCompile Include="Git_Signature.cpp">
      <Filter>Source Files\Git</Filter>
    </ClCompile>
    <ClCompile Include="Git_Time.cpp">
      <Filter>Source Files\Git</Filter>
    </ClCompile>
    <ClCompile Include="Git_Transaction.cpp">
      <Filter>Source Files\Git</Filter>
    </ClCompile>
    <ClCompile Include="Git_Tree.cpp">
      <Filter>Source Files\Git</Filter>
    </ClCompile>
    <ClCompile Include="Git_Diff_Options.cpp">
      <Filter>Source Files\Git</Filter>
    </ClCompile>
    <ClCompile Include="Git_Diff_Find_Options.cpp">
      <Filter>Source Files\Git</Filter>
    </ClCompile>
    <ClCompile Include="Git_Diff_Similarity_Metric.cpp">
      <Filter>Source Files\Git</Filter>
    </ClCompile>
    <ClCompile Include="Git_Diff_Stats.cpp">
      <Filter>Source Files\Git</Filter>
    </ClCompile>
    <ClCompile Include="Diff_File_Stats.cpp">
      <Filter>Source Files\Git</Filter>
    </ClCompile>
    <ClCompile Include="Git_Diff_Delta.cpp">
      <Filter>Source Files\Git</Filter>
    </ClCompile>
    <ClCompile Include="Git_Diff_File.cpp">
      <Filter>Source Files\Git</Filter>
    </ClCompile>
    <ClCompile Include="Git_Diff_Perfdata.cpp">
      <Filter>Source Files\Git</Filter>
    </ClCompile>
    <ClCompile Include="Git_Delta.cpp">
      <Filter>Source Files\Git</Filter>
    </ClCompile>
    <ClCompile Include="Git_Fetch_Options.cpp">
      <Filter>Source Files\Git</Filter>
    </ClCompile>
    <ClCompile Include="Git_Strarray.cpp">
      <Filter>Source Files\Git</Filter>
    </ClCompile>
    <ClCompile Include="Git_Filter.cpp">
      <Filter>Source Files\Git</Filter>
    </ClCompile>
    <ClCompile Include="Git_Filter_List.cpp">
      <Filter>Source Files\Git</Filter>
    </ClCompile>
    <ClCompile Include="Git_Filter_Source.cpp">
      <Filter>Source Files\Git</Filter>
    </ClCompile>
    <ClCompile Include="Git_Index_Entry.cpp">
      <Filter>Source Files\Git</Filter>
    </ClCompile>
    <ClCompile Include="Git_Annotated_Commit.cpp">
      <Filter>Source Files\Git</Filter>
    </ClCompile>
    <ClCompile Include="Git_Merge_File_Input.cpp">
      <Filter>Source Files\Git</Filter>
    </ClCompile>
    <ClCompile Include="Git_Merge_File_Options.cpp">
      <Filter>Source Files\Git</Filter>
    </ClCompile>
    <ClCompile Include="Git_Merge_File_Result.cpp">
      <Filter>Source Files\Git</Filter>
    </ClCompile>
    <ClCompile Include="Git_Reference.cpp">
      <Filter>Source Files\Git</Filter>
    </ClCompile>
    <ClCompile Include="Git_Tree_Entry.cpp">
      <Filter>Source Files\Git</Filter>
    </ClCompile>
    <ClCompile Include="Git_Tree_Update.cpp">
      <Filter>Source Files\Git</Filter>
    </ClCompile>
    <ClCompile Include="libgit2_cpp.cpp">
      <Filter>Source Files</Filter>
    </ClCompile>
    <ClCompile Include="MergingEngine.cpp">
      <Filter>Source Files\Tools</Filter>
    </ClCompile>
    <ClCompile Include="Git_TreeBuilder.cpp">
      <Filter>Source Files</Filter>
    </ClCompile>
  </ItemGroup>
</Project>